{
  "requires": true,
  "lockfileVersion": 1,
  "dependencies": {
    "@trendyol-js/react-carousel": {
      "version": "2.0.0",
      "resolved": "https://registry.npmjs.org/@trendyol-js/react-carousel/-/react-carousel-2.0.0.tgz",
      "integrity": "sha512-AS/2cYZp4bXErECV6c49CsFeWxxd6J7xsRqRPUL5j1BF2Ga0rcIZog7wDRQr6WYaUbVRa/8Z5BKtg7kTk0s0+w=="
    }
  }
}
